// !$*UTF8*$!
{
	archiveVersion = 1;
	classes = {
	};
	objectVersion = 55;
	objects = {

/* Begin PBXBuildFile section */
		8CA34C4327E627830015FA18 /* NavigationWrapper.swift in Sources */ = {isa = PBXBuildFile; fileRef = 8CA34C4227E627830015FA18 /* NavigationWrapper.swift */; };
		8CA34C4627E627A90015FA18 /* Navigation.swift in Sources */ = {isa = PBXBuildFile; fileRef = 8CA34C4527E627A90015FA18 /* Navigation.swift */; };
		8CD266F727B94D5500359812 /* SwiftUITemplateApp.swift in Sources */ = {isa = PBXBuildFile; fileRef = 8CD266F627B94D5500359812 /* SwiftUITemplateApp.swift */; };
		8CD266F927B94D5500359812 /* ContentView.swift in Sources */ = {isa = PBXBuildFile; fileRef = 8CD266F827B94D5500359812 /* ContentView.swift */; };
		8CD266FB27B94D5700359812 /* Assets.xcassets in Resources */ = {isa = PBXBuildFile; fileRef = 8CD266FA27B94D5700359812 /* Assets.xcassets */; };
		8CD266FE27B94D5700359812 /* Preview Assets.xcassets in Resources */ = {isa = PBXBuildFile; fileRef = 8CD266FD27B94D5700359812 /* Preview Assets.xcassets */; };
		8CD2670627B94E8D00359812 /* LoginView.swift in Sources */ = {isa = PBXBuildFile; fileRef = 8CD2670527B94E8D00359812 /* LoginView.swift */; };
		8CD2670827B94E9900359812 /* DashboardView.swift in Sources */ = {isa = PBXBuildFile; fileRef = 8CD2670727B94E9900359812 /* DashboardView.swift */; };
		8CD2670C27B94FCB00359812 /* DashboardViewModel.swift in Sources */ = {isa = PBXBuildFile; fileRef = 8CD2670B27B94FCB00359812 /* DashboardViewModel.swift */; };
		8CD2670E27B94FD600359812 /* LoginViewModel.swift in Sources */ = {isa = PBXBuildFile; fileRef = 8CD2670D27B94FD600359812 /* LoginViewModel.swift */; };
/* End PBXBuildFile section */

/* Begin PBXFileReference section */
		8CA34C4227E627830015FA18 /* NavigationWrapper.swift */ = {isa = PBXFileReference; lastKnownFileType = sourcecode.swift; path = NavigationWrapper.swift; sourceTree = "<group>"; };
		8CA34C4527E627A90015FA18 /* Navigation.swift */ = {isa = PBXFileReference; lastKnownFileType = sourcecode.swift; path = Navigation.swift; sourceTree = "<group>"; };
		8CD266F327B94D5500359812 /* SwiftUITemplate.app */ = {isa = PBXFileReference; explicitFileType = wrapper.application; includeInIndex = 0; path = SwiftUITemplate.app; sourceTree = BUILT_PRODUCTS_DIR; };
		8CD266F627B94D5500359812 /* SwiftUITemplateApp.swift */ = {isa = PBXFileReference; lastKnownFileType = sourcecode.swift; path = SwiftUITemplateApp.swift; sourceTree = "<group>"; };
		8CD266F827B94D5500359812 /* ContentView.swift */ = {isa = PBXFileReference; lastKnownFileType = sourcecode.swift; path = ContentView.swift; sourceTree = "<group>"; };
		8CD266FA27B94D5700359812 /* Assets.xcassets */ = {isa = PBXFileReference; lastKnownFileType = folder.assetcatalog; path = Assets.xcassets; sourceTree = "<group>"; };
		8CD266FD27B94D5700359812 /* Preview Assets.xcassets */ = {isa = PBXFileReference; lastKnownFileType = folder.assetcatalog; path = "Preview Assets.xcassets"; sourceTree = "<group>"; };
		8CD2670527B94E8D00359812 /* LoginView.swift */ = {isa = PBXFileReference; lastKnownFileType = sourcecode.swift; path = LoginView.swift; sourceTree = "<group>"; };
		8CD2670727B94E9900359812 /* DashboardView.swift */ = {isa = PBXFileReference; lastKnownFileType = sourcecode.swift; path = DashboardView.swift; sourceTree = "<group>"; };
		8CD2670B27B94FCB00359812 /* DashboardViewModel.swift */ = {isa = PBXFileReference; lastKnownFileType = sourcecode.swift; path = DashboardViewModel.swift; sourceTree = "<group>"; };
		8CD2670D27B94FD600359812 /* LoginViewModel.swift */ = {isa = PBXFileReference; lastKnownFileType = sourcecode.swift; path = LoginViewModel.swift; sourceTree = "<group>"; };
/* End PBXFileReference section */

/* Begin PBXFrameworksBuildPhase section */
		8CD266F027B94D5500359812 /* Frameworks */ = {
			isa = PBXFrameworksBuildPhase;
			buildActionMask = 2147483647;
			files = (
			);
			runOnlyForDeploymentPostprocessing = 0;
		};
/* End PBXFrameworksBuildPhase section */

/* Begin PBXGroup section */
		8CA34C4427E6279C0015FA18 /* navigation */ = {
			isa = PBXGroup;
			children = (
				8CA34C4227E627830015FA18 /* NavigationWrapper.swift */,
				8CA34C4527E627A90015FA18 /* Navigation.swift */,
			);
			path = navigation;
			sourceTree = "<group>";
		};
		8CD266EA27B94D5500359812 = {
			isa = PBXGroup;
			children = (
				8CD266F527B94D5500359812 /* SwiftUITemplate */,
				8CD266F427B94D5500359812 /* Products */,
			);
			sourceTree = "<group>";
		};
		8CD266F427B94D5500359812 /* Products */ = {
			isa = PBXGroup;
			children = (
				8CD266F327B94D5500359812 /* SwiftUITemplate.app */,
			);
			name = Products;
			sourceTree = "<group>";
		};
		8CD266F527B94D5500359812 /* SwiftUITemplate */ = {
			isa = PBXGroup;
			children = (
				8CA34C4427E6279C0015FA18 /* navigation */,
				8CD2670A27B94FC000359812 /* viewModels */,
				8CD2670927B94F9100359812 /* views */,
				8CD266F627B94D5500359812 /* SwiftUITemplateApp.swift */,
				8CD266F827B94D5500359812 /* ContentView.swift */,
				8CD266FA27B94D5700359812 /* Assets.xcassets */,
				8CD266FC27B94D5700359812 /* Preview Content */,
			);
			path = SwiftUITemplate;
			sourceTree = "<group>";
		};
		8CD266FC27B94D5700359812 /* Preview Content */ = {
			isa = PBXGroup;
			children = (
				8CD266FD27B94D5700359812 /* Preview Assets.xcassets */,
			);
			path = "Preview Content";
			sourceTree = "<group>";
		};
		8CD2670927B94F9100359812 /* views */ = {
			isa = PBXGroup;
			children = (
				8CD2670527B94E8D00359812 /* LoginView.swift */,
				8CD2670727B94E9900359812 /* DashboardView.swift */,
			);
			path = views;
			sourceTree = "<group>";
		};
		8CD2670A27B94FC000359812 /* viewModels */ = {
			isa = PBXGroup;
			children = (
				8CD2670D27B94FD600359812 /* LoginViewModel.swift */,
				8CD2670B27B94FCB00359812 /* DashboardViewModel.swift */,
			);
			path = viewModels;
			sourceTree = "<group>";
		};
/* End PBXGroup section */

/* Begin PBXNativeTarget section */
		8CD266F227B94D5500359812 /* SwiftUITemplate */ = {
			isa = PBXNativeTarget;
			buildConfigurationList = 8CD2670127B94D5700359812 /* Build configuration list for PBXNativeTarget "SwiftUITemplate" */;
			buildPhases = (
				8CD266EF27B94D5500359812 /* Sources */,
				8CD266F027B94D5500359812 /* Frameworks */,
				8CD266F127B94D5500359812 /* Resources */,
			);
			buildRules = (
			);
			dependencies = (
			);
			name = SwiftUITemplate;
			productName = SwiftUITemplate;
			productReference = 8CD266F327B94D5500359812 /* SwiftUITemplate.app */;
			productType = "com.apple.product-type.application";
		};
/* End PBXNativeTarget section */

/* Begin PBXProject section */
		8CD266EB27B94D5500359812 /* Project object */ = {
			isa = PBXProject;
			attributes = {
				BuildIndependentTargetsInParallel = 1;
				LastSwiftUpdateCheck = 1320;
				LastUpgradeCheck = 1320;
				TargetAttributes = {
					8CD266F227B94D5500359812 = {
						CreatedOnToolsVersion = 13.2.1;
					};
				};
			};
			buildConfigurationList = 8CD266EE27B94D5500359812 /* Build configuration list for PBXProject "SwiftUITemplate" */;
			compatibilityVersion = "Xcode 13.0";
			developmentRegion = en;
			hasScannedForEncodings = 0;
			knownRegions = (
				en,
				Base,
			);
			mainGroup = 8CD266EA27B94D5500359812;
			productRefGroup = 8CD266F427B94D5500359812 /* Products */;
			projectDirPath = "";
			projectRoot = "";
			targets = (
				8CD266F227B94D5500359812 /* SwiftUITemplate */,
			);
		};
/* End PBXProject section */

/* Begin PBXResourcesBuildPhase section */
		8CD266F127B94D5500359812 /* Resources */ = {
			isa = PBXResourcesBuildPhase;
			buildActionMask = 2147483647;
			files = (
				8CD266FE27B94D5700359812 /* Preview Assets.xcassets in Resources */,
				8CD266FB27B94D5700359812 /* Assets.xcassets in Resources */,
			);
			runOnlyForDeploymentPostprocessing = 0;
		};
/* End PBXResourcesBuildPhase section */

/* Begin PBXSourcesBuildPhase section */
		8CD266EF27B94D5500359812 /* Sources */ = {
			isa = PBXSourcesBuildPhase;
			buildActionMask = 2147483647;
			files = (
				8CD2670827B94E9900359812 /* DashboardView.swift in Sources */,
				8CA34C4327E627830015FA18 /* NavigationWrapper.swift in Sources */,
				8CD2670C27B94FCB00359812 /* DashboardViewModel.swift in Sources */,
				8CA34C4627E627A90015FA18 /* Navigation.swift in Sources */,
				8CD2670E27B94FD600359812 /* LoginViewModel.swift in Sources */,
				8CD266F927B94D5500359812 /* ContentView.swift in Sources */,
				8CD266F727B94D5500359812 /* SwiftUITemplateApp.swift in Sources */,
				8CD2670627B94E8D00359812 /* LoginView.swift in Sources */,
			);
			runOnlyForDeploymentPostprocessing = 0;
		};
/* End PBXSourcesBuildPhase section */

/* Begin XCBuildConfiguration section */
		8CD266FF27B94D5700359812 /* Debug */ = {
			isa = XCBuildConfiguration;
			buildSettings = {
				ALWAYS_SEARCH_USER_PATHS = NO;
				CLANG_ANALYZER_NONNULL = YES;
				CLANG_ANALYZER_NUMBER_OBJECT_CONVERSION = YES_AGGRESSIVE;
				CLANG_CXX_LANGUAGE_STANDARD = "gnu++17";
				CLANG_CXX_LIBRARY = "libc++";
				CLANG_ENABLE_MODULES = YES;
				CLANG_ENABLE_OBJC_ARC = YES;
				CLANG_ENABLE_OBJC_WEAK = YES;
				CLANG_WARN_BLOCK_CAPTURE_AUTORELEASING = YES;
				CLANG_WARN_BOOL_CONVERSION = YES;
				CLANG_WARN_COMMA = YES;
				CLANG_WARN_CONSTANT_CONVERSION = YES;
				CLANG_WARN_DEPRECATED_OBJC_IMPLEMENTATIONS = YES;
				CLANG_WARN_DIRECT_OBJC_ISA_USAGE = YES_ERROR;
				CLANG_WARN_DOCUMENTATION_COMMENTS = YES;
				CLANG_WARN_EMPTY_BODY = YES;
				CLANG_WARN_ENUM_CONVERSION = YES;
				CLANG_WARN_INFINITE_RECURSION = YES;
				CLANG_WARN_INT_CONVERSION = YES;
				CLANG_WARN_NON_LITERAL_NULL_CONVERSION = YES;
				CLANG_WARN_OBJC_IMPLICIT_RETAIN_SELF = YES;
				CLANG_WARN_OBJC_LITERAL_CONVERSION = YES;
				CLANG_WARN_OBJC_ROOT_CLASS = YES_ERROR;
				CLANG_WARN_QUOTED_INCLUDE_IN_FRAMEWORK_HEADER = YES;
				CLANG_WARN_RANGE_LOOP_ANALYSIS = YES;
				CLANG_WARN_STRICT_PROTOTYPES = YES;
				CLANG_WARN_SUSPICIOUS_MOVE = YES;
				CLANG_WARN_UNGUARDED_AVAILABILITY = YES_AGGRESSIVE;
				CLANG_WARN_UNREACHABLE_CODE = YES;
				CLANG_WARN__DUPLICATE_METHOD_MATCH = YES;
				COPY_PHASE_STRIP = NO;
				DEBUG_INFORMATION_FORMAT = dwarf;
				ENABLE_STRICT_OBJC_MSGSEND = YES;
				ENABLE_TESTABILITY = YES;
				GCC_C_LANGUAGE_STANDARD = gnu11;
				GCC_DYNAMIC_NO_PIC = NO;
				GCC_NO_COMMON_BLOCKS = YES;
				GCC_OPTIMIZATION_LEVEL = 0;
				GCC_PREPROCESSOR_DEFINITIONS = (
					"DEBUG=1",
					"$(inherited)",
				);
				GCC_WARN_64_TO_32_BIT_CONVERSION = YES;
				GCC_WARN_ABOUT_RETURN_TYPE = YES_ERROR;
				GCC_WARN_UNDECLARED_SELECTOR = YES;
				GCC_WARN_UNINITIALIZED_AUTOS = YES_AGGRESSIVE;
				GCC_WARN_UNUSED_FUNCTION = YES;
				GCC_WARN_UNUSED_VARIABLE = YES;
				IPHONEOS_DEPLOYMENT_TARGET = 15.2;
				MTL_ENABLE_DEBUG_INFO = INCLUDE_SOURCE;
				MTL_FAST_MATH = YES;
				ONLY_ACTIVE_ARCH = YES;
				SDKROOT = iphoneos;
				SWIFT_ACTIVE_COMPILATION_CONDITIONS = DEBUG;
				SWIFT_OPTIMIZATION_LEVEL = "-Onone";
			};
			name = Debug;
		};
		8CD2670027B94D5700359812 /* Release */ = {
			isa = XCBuildConfiguration;
			buildSettings = {
				ALWAYS_SEARCH_USER_PATHS = NO;
				CLANG_ANALYZER_NONNULL = YES;
				CLANG_ANALYZER_NUMBER_OBJECT_CONVERSION = YES_AGGRESSIVE;
				CLANG_CXX_LANGUAGE_STANDARD = "gnu++17";
				CLANG_CXX_LIBRARY = "libc++";
				CLANG_ENABLE_MODULES = YES;
				CLANG_ENABLE_OBJC_ARC = YES;
				CLANG_ENABLE_OBJC_WEAK = YES;
				CLANG_WARN_BLOCK_CAPTURE_AUTORELEASING = YES;
				CLANG_WARN_BOOL_CONVERSION = YES;
				CLANG_WARN_COMMA = YES;
				CLANG_WARN_CONSTANT_CONVERSION = YES;
				CLANG_WARN_DEPRECATED_OBJC_IMPLEMENTATIONS = YES;
				CLANG_WARN_DIRECT_OBJC_ISA_USAGE = YES_ERROR;
				CLANG_WARN_DOCUMENTATION_COMMENTS = YES;
				CLANG_WARN_EMPTY_BODY = YES;
				CLANG_WARN_ENUM_CONVERSION = YES;
				CLANG_WARN_INFINITE_RECURSION = YES;
				CLANG_WARN_INT_CONVERSION = YES;
				CLANG_WARN_NON_LITERAL_NULL_CONVERSION = YES;
				CLANG_WARN_OBJC_IMPLICIT_RETAIN_SELF = YES;
				CLANG_WARN_OBJC_LITERAL_CONVERSION = YES;
				CLANG_WARN_OBJC_ROOT_CLASS = YES_ERROR;
				CLANG_WARN_QUOTED_INCLUDE_IN_FRAMEWORK_HEADER = YES;
				CLANG_WARN_RANGE_LOOP_ANALYSIS = YES;
				CLANG_WARN_STRICT_PROTOTYPES = YES;
				CLANG_WARN_SUSPICIOUS_MOVE = YES;
				CLANG_WARN_UNGUARDED_AVAILABILITY = YES_AGGRESSIVE;
				CLANG_WARN_UNREACHABLE_CODE = YES;
				CLANG_WARN__DUPLICATE_METHOD_MATCH = YES;
				COPY_PHASE_STRIP = NO;
				DEBUG_INFORMATION_FORMAT = "dwarf-with-dsym";
				ENABLE_NS_ASSERTIONS = NO;
				ENABLE_STRICT_OBJC_MSGSEND = YES;
				GCC_C_LANGUAGE_STANDARD = gnu11;
				GCC_NO_COMMON_BLOCKS = YES;
				GCC_WARN_64_TO_32_BIT_CONVERSION = YES;
				GCC_WARN_ABOUT_RETURN_TYPE = YES_ERROR;
				GCC_WARN_UNDECLARED_SELECTOR = YES;
				GCC_WARN_UNINITIALIZED_AUTOS = YES_AGGRESSIVE;
				GCC_WARN_UNUSED_FUNCTION = YES;
				GCC_WARN_UNUSED_VARIABLE = YES;
				IPHONEOS_DEPLOYMENT_TARGET = 15.2;
				MTL_ENABLE_DEBUG_INFO = NO;
				MTL_FAST_MATH = YES;
				SDKROOT = iphoneos;
				SWIFT_COMPILATION_MODE = wholemodule;
				SWIFT_OPTIMIZATION_LEVEL = "-O";
				VALIDATE_PRODUCT = YES;
			};
			name = Release;
		};
		8CD2670227B94D5700359812 /* Debug */ = {
			isa = XCBuildConfiguration;
			buildSettings = {
				ASSETCATALOG_COMPILER_APPICON_NAME = AppIcon;
				ASSETCATALOG_COMPILER_GLOBAL_ACCENT_COLOR_NAME = AccentColor;
				CODE_SIGN_STYLE = Automatic;
				CURRENT_PROJECT_VERSION = 1;
				DEVELOPMENT_ASSET_PATHS = "\"SwiftUITemplate/Preview Content\"";
				ENABLE_PREVIEWS = YES;
				GENERATE_INFOPLIST_FILE = YES;
				INFOPLIST_KEY_UIApplicationSceneManifest_Generation = YES;
				INFOPLIST_KEY_UIApplicationSupportsIndirectInputEvents = YES;
				INFOPLIST_KEY_UILaunchScreen_Generation = YES;
				INFOPLIST_KEY_UISupportedInterfaceOrientations_iPad = "UIInterfaceOrientationPortrait UIInterfaceOrientationPortraitUpsideDown UIInterfaceOrientationLandscapeLeft UIInterfaceOrientationLandscapeRight";
				INFOPLIST_KEY_UISupportedInterfaceOrientations_iPhone = "UIInterfaceOrientationPortrait UIInterfaceOrientationLandscapeLeft UIInterfaceOrientationLandscapeRight";
				LD_RUNPATH_SEARCH_PATHS = (
					"$(inherited)",
					"@executable_path/Frameworks",
				);
				MARKETING_VERSION = 1.0;
				PRODUCT_BUNDLE_IDENTIFIER = com.accedia.SwiftUITemplate;
				PRODUCT_NAME = "$(TARGET_NAME)";
				SWIFT_EMIT_LOC_STRINGS = YES;
				SWIFT_VERSION = 5.0;
				TARGETED_DEVICE_FAMILY = "1,2";
			};
			name = Debug;
		};
		8CD2670327B94D5700359812 /* Release */ = {
			isa = XCBuildConfiguration;
			buildSettings = {
				ASSETCATALOG_COMPILER_APPICON_NAME = AppIcon;
				ASSETCATALOG_COMPILER_GLOBAL_ACCENT_COLOR_NAME = AccentColor;
				CODE_SIGN_STYLE = Automatic;
				CURRENT_PROJECT_VERSION = 1;
				DEVELOPMENT_ASSET_PATHS = "\"SwiftUITemplate/Preview Content\"";
				ENABLE_PREVIEWS = YES;
				GENERATE_INFOPLIST_FILE = YES;
				INFOPLIST_KEY_UIApplicationSceneManifest_Generation = YES;
				INFOPLIST_KEY_UIApplicationSupportsIndirectInputEvents = YES;
				INFOPLIST_KEY_UILaunchScreen_Generation = YES;
				INFOPLIST_KEY_UISupportedInterfaceOrientations_iPad = "UIInterfaceOrientationPortrait UIInterfaceOrientationPortraitUpsideDown UIInterfaceOrientationLandscapeLeft UIInterfaceOrientationLandscapeRight";
				INFOPLIST_KEY_UISupportedInterfaceOrientations_iPhone = "UIInterfaceOrientationPortrait UIInterfaceOrientationLandscapeLeft UIInterfaceOrientationLandscapeRight";
				LD_RUNPATH_SEARCH_PATHS = (
					"$(inherited)",
					"@executable_path/Frameworks",
				);
				MARKETING_VERSION = 1.0;
				PRODUCT_BUNDLE_IDENTIFIER = com.accedia.SwiftUITemplate;
				PRODUCT_NAME = "$(TARGET_NAME)";
				SWIFT_EMIT_LOC_STRINGS = YES;
				SWIFT_VERSION = 5.0;
				TARGETED_DEVICE_FAMILY = "1,2";
			};
			name = Release;
		};
/* End XCBuildConfiguration section */

/* Begin XCConfigurationList section */
		8CD266EE27B94D5500359812 /* Build configuration list for PBXProject "SwiftUITemplate" */ = {
			isa = XCConfigurationList;
			buildConfigurations = (
				8CD266FF27B94D5700359812 /* Debug */,
				8CD2670027B94D5700359812 /* Release */,
			);
			defaultConfigurationIsVisible = 0;
			defaultConfigurationName = Release;
		};
		8CD2670127B94D5700359812 /* Build configuration list for PBXNativeTarget "SwiftUITemplate" */ = {
			isa = XCConfigurationList;
			buildConfigurations = (
				8CD2670227B94D5700359812 /* Debug */,
				8CD2670327B94D5700359812 /* Release */,
			);
			defaultConfigurationIsVisible = 0;
			defaultConfigurationName = Release;
		};
/* End XCConfigurationList section */
	};
	rootObject = 8CD266EB27B94D5500359812 /* Project object */;
}
